<?xml version="1.0" encoding="utf-8"?>
<Project ToolsVersion="4.0" xmlns="http://schemas.microsoft.com/developer/msbuild/2003">
  <ItemGroup>
    <Filter Include="KamataEngine">
      <UniqueIdentifier>{4FC737F1-C7A5-4376-A066-2A32D752A2FF}</UniqueIdentifier>
      <Extensions>cpp;c;cc;cxx;c++;cppm;ixx;def;odl;idl;hpj;bat;asm;asmx</Extensions>
    </Filter>
    <Filter Include="KamataEngine\Source">
      <UniqueIdentifier>{d966e9f8-e880-44ae-8586-a08515e4cffc}</UniqueIdentifier>
    </Filter>
    <Filter Include="KamataEngine\Include">
      <UniqueIdentifier>{4aae4e40-94f7-4d32-9a91-c0c37a2edf0d}</UniqueIdentifier>
    </Filter>
    <Filter Include="KamataEngine\Adapter">
      <UniqueIdentifier>{c6468eb4-788b-4a83-b207-a5f4804e56c5}</UniqueIdentifier>
    </Filter>
    <Filter Include="Matrix4x4">
      <UniqueIdentifier>{c48c4304-fccc-4e17-90db-053d1d33ea4d}</UniqueIdentifier>
    </Filter>
    <Filter Include="Grid">
      <UniqueIdentifier>{958d09f7-8efd-48a6-b0cd-06a1a72a84a3}</UniqueIdentifier>
    </Filter>
    <Filter Include="Sphere">
      <UniqueIdentifier>{42806ae5-4c2b-4612-85bc-43b14ea29500}</UniqueIdentifier>
    </Filter>
    <Filter Include="Vector">
      <UniqueIdentifier>{169c0e77-f9dd-4a7e-bb5e-ff0569650ba2}</UniqueIdentifier>
    </Filter>
    <Filter Include="Vector\Vector3">
      <UniqueIdentifier>{8bcb62e6-31cd-40f0-89f8-f145e7a51692}</UniqueIdentifier>
    </Filter>
    <Filter Include="Vector\Vector3\Math">
      <UniqueIdentifier>{ca552ea1-c665-49d1-811d-15f67db10ecd}</UniqueIdentifier>
    </Filter>
    <Filter Include="Vector\Vector2">
      <UniqueIdentifier>{90040ab4-b669-4afe-8ae6-dfd0ad67771f}</UniqueIdentifier>
    </Filter>
    <Filter Include="Camera">
      <UniqueIdentifier>{be8e7abb-1dd9-475e-b4cb-95f51aed2608}</UniqueIdentifier>
    </Filter>
    <Filter Include="Plane">
      <UniqueIdentifier>{9b9d535f-976f-46b0-aa79-6c4731837765}</UniqueIdentifier>
    </Filter>
  </ItemGroup>
  <ItemGroup>
    <ClCompile Include="C:\KamataEngine\DirectXGame\base\DirectXCommon.cpp">
      <Filter>KamataEngine\Source</Filter>
    </ClCompile>
    <ClCompile Include="C:\KamataEngine\DirectXGame\base\TextureManager.cpp">
      <Filter>KamataEngine\Source</Filter>
    </ClCompile>
    <ClCompile Include="C:\KamataEngine\DirectXGame\scene\GameScene.cpp">
      <Filter>KamataEngine\Source</Filter>
    </ClCompile>
    <ClCompile Include="C:\KamataEngine\DirectXGame\base\WinApp.cpp">
      <Filter>KamataEngine\Source</Filter>
    </ClCompile>
    <ClCompile Include="main.cpp" />
    <ClCompile Include="C:\KamataEngine\Adapter\Novice.cpp">
      <Filter>KamataEngine\Adapter</Filter>
    </ClCompile>
    <ClCompile Include="C:\KamataEngine\DirectXGame\2d\ImGuiManager.cpp">
      <Filter>KamataEngine</Filter>
    </ClCompile>
    <ClCompile Include="Matrix4x4.cpp">
      <Filter>Matrix4x4</Filter>
    </ClCompile>
    <ClCompile Include="Vector3_Math.cpp">
      <Filter>Vector\Vector3\Math</Filter>
    </ClCompile>
    <ClCompile Include="Vector3.cpp">
      <Filter>Vector\Vector3</Filter>
    </ClCompile>
    <ClCompile Include="Grid.cpp">
      <Filter>Grid</Filter>
    </ClCompile>
    <ClCompile Include="Sphere.cpp">
      <Filter>Sphere</Filter>
    </ClCompile>
    <ClCompile Include="Vector2.cpp">
      <Filter>Vector\Vector2</Filter>
    </ClCompile>
    <ClCompile Include="Camera.cpp">
      <Filter>Camera</Filter>
    </ClCompile>
    <ClCompile Include="Plane.cpp">
      <Filter>Plane</Filter>
    </ClCompile>
  </ItemGroup>
  <ItemGroup>
    <ClInclude Include="C:\KamataEngine\DirectXGame\audio\Audio.h">
      <Filter>KamataEngine\Include</Filter>
    </ClInclude>
    <ClInclude Include="C:\KamataEngine\DirectXGame\2d\DebugText.h">
      <Filter>KamataEngine\Include</Filter>
    </ClInclude>
    <ClInclude Include="C:\KamataEngine\DirectXGame\base\DirectXCommon.h">
      <Filter>KamataEngine\Include</Filter>
    </ClInclude>
    <ClInclude Include="C:\KamataEngine\DirectXGame\scene\GameScene.h">
      <Filter>KamataEngine\Include</Filter>
    </ClInclude>
    <ClInclude Include="C:\KamataEngine\DirectXGame\input\Input.h">
      <Filter>KamataEngine\Include</Filter>
    </ClInclude>
    <ClInclude Include="C:\KamataEngine\DirectXGame\3d\Model.h">
      <Filter>KamataEngine\Include</Filter>
    </ClInclude>
    <ClInclude Include="C:\KamataEngine\DirectXGame\base\SafeDelete.h">
      <Filter>KamataEngine\Include</Filter>
    </ClInclude>
    <ClInclude Include="C:\KamataEngine\DirectXGame\2d\Sprite.h">
      <Filter>KamataEngine\Include</Filter>
    </ClInclude>
    <ClInclude Include="C:\KamataEngine\DirectXGame\base\TextureManager.h">
      <Filter>KamataEngine\Include</Filter>
    </ClInclude>
    <ClInclude Include="C:\KamataEngine\DirectXGame\3d\ViewProjection.h">
      <Filter>KamataEngine\Include</Filter>
    </ClInclude>
    <ClInclude Include="C:\KamataEngine\DirectXGame\base\WinApp.h">
      <Filter>KamataEngine\Include</Filter>
    </ClInclude>
    <ClInclude Include="C:\KamataEngine\DirectXGame\3d\WorldTransform.h">
      <Filter>KamataEngine\Include</Filter>
    </ClInclude>
    <ClInclude Include="C:\KamataEngine\Adapter\Novice.h">
      <Filter>KamataEngine\Adapter</Filter>
    </ClInclude>
    <ClInclude Include="C:\KamataEngine\DirectXGame\3d\CircleShadow.h">
      <Filter>KamataEngine\Include</Filter>
    </ClInclude>
    <ClInclude Include="C:\KamataEngine\DirectXGame\3d\DebugCamera.h">
      <Filter>KamataEngine\Include</Filter>
    </ClInclude>
    <ClInclude Include="C:\KamataEngine\DirectXGame\3d\DirectionalLight.h">
      <Filter>KamataEngine\Include</Filter>
    </ClInclude>
    <ClInclude Include="C:\KamataEngine\DirectXGame\3d\LightGroup.h">
      <Filter>KamataEngine\Include</Filter>
    </ClInclude>
    <ClInclude Include="C:\KamataEngine\DirectXGame\3d\Material.h">
      <Filter>KamataEngine\Include</Filter>
    </ClInclude>
    <ClInclude Include="C:\KamataEngine\DirectXGame\3d\Mesh.h">
      <Filter>KamataEngine\Include</Filter>
    </ClInclude>
    <ClInclude Include="C:\KamataEngine\DirectXGame\3d\PointLight.h">
      <Filter>KamataEngine\Include</Filter>
    </ClInclude>
    <ClInclude Include="C:\KamataEngine\DirectXGame\3d\SpotLight.h">
      <Filter>KamataEngine\Include</Filter>
    </ClInclude>
    <ClInclude Include="C:\KamataEngine\DirectXGame\math\Matrix4x4.h" />
    <ClInclude Include="C:\KamataEngine\DirectXGame\2d\ImGuiManager.h" />
    <ClInclude Include="Matrix4x4.h">
      <Filter>Matrix4x4</Filter>
    </ClInclude>
    <ClInclude Include="Vector3_Math.hpp">
      <Filter>Vector\Vector3\Math</Filter>
    </ClInclude>
    <ClInclude Include="C:\KamataEngine\DirectXGame\math\Vector3.h">
      <Filter>Vector\Vector3</Filter>
    </ClInclude>
    <ClInclude Include="Grid.h">
      <Filter>Grid</Filter>
    </ClInclude>
    <ClInclude Include="resource.h" />
    <ClInclude Include="Sphere.h">
      <Filter>Sphere</Filter>
    </ClInclude>
    <ClInclude Include="C:\KamataEngine\DirectXGame\math\Vector4.h">
      <Filter>Vector</Filter>
    </ClInclude>
    <ClInclude Include="C:\KamataEngine\DirectXGame\math\Vector2.h">
      <Filter>Vector\Vector2</Filter>
    </ClInclude>
    <ClInclude Include="Camera.h">
      <Filter>Camera</Filter>
    </ClInclude>
    <ClInclude Include="Plane.h">
      <Filter>Plane</Filter>
    </ClInclude>
  </ItemGroup>
  <ItemGroup>
    <ResourceCompile Include="MT3.rc" />
  </ItemGroup>
</Project>